// !$*UTF8*$!
{
	archiveVersion = 1;
	classes = {
	};
	objectVersion = 50;
	objects = {

/* Begin PBXBuildFile section */
		ABE7AAD624056FA4001BE78B /* AppDelegate.swift in Sources */ = {isa = PBXBuildFile; fileRef = ABE7AAD524056FA4001BE78B /* AppDelegate.swift */; };
		ABE7AAD824056FA4001BE78B /* SceneDelegate.swift in Sources */ = {isa = PBXBuildFile; fileRef = ABE7AAD724056FA4001BE78B /* SceneDelegate.swift */; };
		ABE7AADF24056FA5001BE78B /* Assets.xcassets in Resources */ = {isa = PBXBuildFile; fileRef = ABE7AADE24056FA5001BE78B /* Assets.xcassets */; };
		ABE7AAE224056FA5001BE78B /* LaunchScreen.storyboard in Resources */ = {isa = PBXBuildFile; fileRef = ABE7AAE024056FA5001BE78B /* LaunchScreen.storyboard */; };
		ABE7AAED24056FA5001BE78B /* AirportFinderTests.swift in Sources */ = {isa = PBXBuildFile; fileRef = ABE7AAEC24056FA5001BE78B /* AirportFinderTests.swift */; };
		ABE7AAF824056FA5001BE78B /* AirportFinderUITests.swift in Sources */ = {isa = PBXBuildFile; fileRef = ABE7AAF724056FA5001BE78B /* AirportFinderUITests.swift */; };
		ABE7AB0C24057519001BE78B /* Coordinator.swift in Sources */ = {isa = PBXBuildFile; fileRef = ABE7AB0B24057519001BE78B /* Coordinator.swift */; };
		ABE7AB0E24057548001BE78B /* AppCoordinator.swift in Sources */ = {isa = PBXBuildFile; fileRef = ABE7AB0D24057548001BE78B /* AppCoordinator.swift */; };
		ABE7AB1024057667001BE78B /* DistanceViewController.swift in Sources */ = {isa = PBXBuildFile; fileRef = ABE7AB0F24057667001BE78B /* DistanceViewController.swift */; };
		ABE7AB1324057781001BE78B /* Theme.swift in Sources */ = {isa = PBXBuildFile; fileRef = ABE7AB1224057781001BE78B /* Theme.swift */; };
		ABE7AB162405820A001BE78B /* DistanceViewController+ViewModel.swift in Sources */ = {isa = PBXBuildFile; fileRef = ABE7AB152405820A001BE78B /* DistanceViewController+ViewModel.swift */; };
		ABE7AB1824058655001BE78B /* DistancePresenter.swift in Sources */ = {isa = PBXBuildFile; fileRef = ABE7AB1724058655001BE78B /* DistancePresenter.swift */; };
		ABE7AB1D24058936001BE78B /* Localizable.strings in Resources */ = {isa = PBXBuildFile; fileRef = ABE7AB1F24058936001BE78B /* Localizable.strings */; };
		ABE7AB23240589D9001BE78B /* String+localized.swift in Sources */ = {isa = PBXBuildFile; fileRef = ABE7AB22240589D9001BE78B /* String+localized.swift */; };
		ABE7AB2724058AE9001BE78B /* DistanceCoordinator.swift in Sources */ = {isa = PBXBuildFile; fileRef = ABE7AB2624058AE9001BE78B /* DistanceCoordinator.swift */; };
		ABE7AB2924058D86001BE78B /* AirportPresenter.swift in Sources */ = {isa = PBXBuildFile; fileRef = ABE7AB2824058D86001BE78B /* AirportPresenter.swift */; };
		ABE7AB2B24058DE9001BE78B /* AirportUseCase.swift in Sources */ = {isa = PBXBuildFile; fileRef = ABE7AB2A24058DE9001BE78B /* AirportUseCase.swift */; };
		ABE7AB2D24058E92001BE78B /* Location.swift in Sources */ = {isa = PBXBuildFile; fileRef = ABE7AB2C24058E92001BE78B /* Location.swift */; };
		ABE7AB2F24058F03001BE78B /* Airport.swift in Sources */ = {isa = PBXBuildFile; fileRef = ABE7AB2E24058F03001BE78B /* Airport.swift */; };
		ABE7AB3424059057001BE78B /* AirportRepository.swift in Sources */ = {isa = PBXBuildFile; fileRef = ABE7AB3324059057001BE78B /* AirportRepository.swift */; };
		ABE7AB362405F5A3001BE78B /* LocationUseCase.swift in Sources */ = {isa = PBXBuildFile; fileRef = ABE7AB352405F5A3001BE78B /* LocationUseCase.swift */; };
		ABE7AB3A2405FF3C001BE78B /* LocationRepository.swift in Sources */ = {isa = PBXBuildFile; fileRef = ABE7AB392405FF3C001BE78B /* LocationRepository.swift */; };
		ABE7AB3D24060302001BE78B /* BaseNetworkService.swift in Sources */ = {isa = PBXBuildFile; fileRef = ABE7AB3C24060302001BE78B /* BaseNetworkService.swift */; };
		ABE7AB3F240606A6001BE78B /* ParsingError.swift in Sources */ = {isa = PBXBuildFile; fileRef = ABE7AB3E240606A6001BE78B /* ParsingError.swift */; };
		ABE7AB412406928A001BE78B /* Endpoint.swift in Sources */ = {isa = PBXBuildFile; fileRef = ABE7AB402406928A001BE78B /* Endpoint.swift */; };
		ABE7AB43240692A2001BE78B /* HTTPMethod.swift in Sources */ = {isa = PBXBuildFile; fileRef = ABE7AB42240692A2001BE78B /* HTTPMethod.swift */; };
		ABE7AB45240692BB001BE78B /* URLRequestConvertible.swift in Sources */ = {isa = PBXBuildFile; fileRef = ABE7AB44240692BB001BE78B /* URLRequestConvertible.swift */; };
		ABE7AB48240692EF001BE78B /* Environment.swift in Sources */ = {isa = PBXBuildFile; fileRef = ABE7AB47240692EF001BE78B /* Environment.swift */; };
		ABE7AB4A240699CF001BE78B /* AirportAPI.swift in Sources */ = {isa = PBXBuildFile; fileRef = ABE7AB49240699CF001BE78B /* AirportAPI.swift */; };
		ABE7AB4D2406A2D2001BE78B /* AirportCoordinator.swift in Sources */ = {isa = PBXBuildFile; fileRef = ABE7AB4C2406A2D1001BE78B /* AirportCoordinator.swift */; };
		ABE7AB4F2406A2F9001BE78B /* AirportMapViewController.swift in Sources */ = {isa = PBXBuildFile; fileRef = ABE7AB4E2406A2F9001BE78B /* AirportMapViewController.swift */; };
		ABE7AB522406A31B001BE78B /* AirportListViewController.swift in Sources */ = {isa = PBXBuildFile; fileRef = ABE7AB512406A31B001BE78B /* AirportListViewController.swift */; };
		ABE7AB542406A336001BE78B /* AirportBaseViewContrroller.swift in Sources */ = {isa = PBXBuildFile; fileRef = ABE7AB532406A336001BE78B /* AirportBaseViewContrroller.swift */; };
		ABE7AB562406AD83001BE78B /* AirportView.swift in Sources */ = {isa = PBXBuildFile; fileRef = ABE7AB552406AD83001BE78B /* AirportView.swift */; };
		ABE7AB592406B1B2001BE78B /* ContainerTableViewCell.swift in Sources */ = {isa = PBXBuildFile; fileRef = ABE7AB582406B1B2001BE78B /* ContainerTableViewCell.swift */; };
		ABF1EA4D2406CCBD00C20102 /* Bindable.swift in Sources */ = {isa = PBXBuildFile; fileRef = ABF1EA4C2406CCBD00C20102 /* Bindable.swift */; };
		ABF1EA4F2406D3A300C20102 /* ViewState.swift in Sources */ = {isa = PBXBuildFile; fileRef = ABF1EA4E2406D3A300C20102 /* ViewState.swift */; };
/* End PBXBuildFile section */

/* Begin PBXContainerItemProxy section */
		ABE7AAE924056FA5001BE78B /* PBXContainerItemProxy */ = {
			isa = PBXContainerItemProxy;
			containerPortal = ABE7AACA24056FA4001BE78B /* Project object */;
			proxyType = 1;
			remoteGlobalIDString = ABE7AAD124056FA4001BE78B;
			remoteInfo = AirportFinder;
		};
		ABE7AAF424056FA5001BE78B /* PBXContainerItemProxy */ = {
			isa = PBXContainerItemProxy;
			containerPortal = ABE7AACA24056FA4001BE78B /* Project object */;
			proxyType = 1;
			remoteGlobalIDString = ABE7AAD124056FA4001BE78B;
			remoteInfo = AirportFinder;
		};
/* End PBXContainerItemProxy section */

/* Begin PBXFileReference section */
		ABE7AAD224056FA4001BE78B /* AirportFinder.app */ = {isa = PBXFileReference; explicitFileType = wrapper.application; includeInIndex = 0; path = AirportFinder.app; sourceTree = BUILT_PRODUCTS_DIR; };
		ABE7AAD524056FA4001BE78B /* AppDelegate.swift */ = {isa = PBXFileReference; lastKnownFileType = sourcecode.swift; path = AppDelegate.swift; sourceTree = "<group>"; };
		ABE7AAD724056FA4001BE78B /* SceneDelegate.swift */ = {isa = PBXFileReference; lastKnownFileType = sourcecode.swift; path = SceneDelegate.swift; sourceTree = "<group>"; };
		ABE7AADE24056FA5001BE78B /* Assets.xcassets */ = {isa = PBXFileReference; lastKnownFileType = folder.assetcatalog; path = Assets.xcassets; sourceTree = "<group>"; };
		ABE7AAE124056FA5001BE78B /* Base */ = {isa = PBXFileReference; lastKnownFileType = file.storyboard; name = Base; path = Base.lproj/LaunchScreen.storyboard; sourceTree = "<group>"; };
		ABE7AAE824056FA5001BE78B /* AirportFinderTests.xctest */ = {isa = PBXFileReference; explicitFileType = wrapper.cfbundle; includeInIndex = 0; path = AirportFinderTests.xctest; sourceTree = BUILT_PRODUCTS_DIR; };
		ABE7AAEC24056FA5001BE78B /* AirportFinderTests.swift */ = {isa = PBXFileReference; lastKnownFileType = sourcecode.swift; path = AirportFinderTests.swift; sourceTree = "<group>"; };
		ABE7AAEE24056FA5001BE78B /* Info.plist */ = {isa = PBXFileReference; lastKnownFileType = text.plist.xml; path = Info.plist; sourceTree = "<group>"; };
		ABE7AAF324056FA5001BE78B /* AirportFinderUITests.xctest */ = {isa = PBXFileReference; explicitFileType = wrapper.cfbundle; includeInIndex = 0; path = AirportFinderUITests.xctest; sourceTree = BUILT_PRODUCTS_DIR; };
		ABE7AAF724056FA5001BE78B /* AirportFinderUITests.swift */ = {isa = PBXFileReference; lastKnownFileType = sourcecode.swift; path = AirportFinderUITests.swift; sourceTree = "<group>"; };
		ABE7AAF924056FA5001BE78B /* Info.plist */ = {isa = PBXFileReference; lastKnownFileType = text.plist.xml; path = Info.plist; sourceTree = "<group>"; };
		ABE7AB0B24057519001BE78B /* Coordinator.swift */ = {isa = PBXFileReference; lastKnownFileType = sourcecode.swift; path = Coordinator.swift; sourceTree = "<group>"; };
		ABE7AB0D24057548001BE78B /* AppCoordinator.swift */ = {isa = PBXFileReference; lastKnownFileType = sourcecode.swift; path = AppCoordinator.swift; sourceTree = "<group>"; };
		ABE7AB0F24057667001BE78B /* DistanceViewController.swift */ = {isa = PBXFileReference; lastKnownFileType = sourcecode.swift; path = DistanceViewController.swift; sourceTree = "<group>"; };
		ABE7AB1224057781001BE78B /* Theme.swift */ = {isa = PBXFileReference; lastKnownFileType = sourcecode.swift; path = Theme.swift; sourceTree = "<group>"; };
		ABE7AB152405820A001BE78B /* DistanceViewController+ViewModel.swift */ = {isa = PBXFileReference; lastKnownFileType = sourcecode.swift; path = "DistanceViewController+ViewModel.swift"; sourceTree = "<group>"; };
		ABE7AB1724058655001BE78B /* DistancePresenter.swift */ = {isa = PBXFileReference; lastKnownFileType = sourcecode.swift; path = DistancePresenter.swift; sourceTree = "<group>"; };
		ABE7AB1C24058930001BE78B /* es */ = {isa = PBXFileReference; lastKnownFileType = text.plist.strings; name = es; path = es.lproj/LaunchScreen.strings; sourceTree = "<group>"; };
		ABE7AB1E24058936001BE78B /* en */ = {isa = PBXFileReference; lastKnownFileType = text.plist.strings; name = en; path = en.lproj/Localizable.strings; sourceTree = "<group>"; };
		ABE7AB202405893A001BE78B /* es */ = {isa = PBXFileReference; lastKnownFileType = text.plist.strings; name = es; path = es.lproj/Localizable.strings; sourceTree = "<group>"; };
		ABE7AB22240589D9001BE78B /* String+localized.swift */ = {isa = PBXFileReference; lastKnownFileType = sourcecode.swift; path = "String+localized.swift"; sourceTree = "<group>"; };
		ABE7AB2624058AE9001BE78B /* DistanceCoordinator.swift */ = {isa = PBXFileReference; lastKnownFileType = sourcecode.swift; path = DistanceCoordinator.swift; sourceTree = "<group>"; };
		ABE7AB2824058D86001BE78B /* AirportPresenter.swift */ = {isa = PBXFileReference; lastKnownFileType = sourcecode.swift; path = AirportPresenter.swift; sourceTree = "<group>"; };
		ABE7AB2A24058DE9001BE78B /* AirportUseCase.swift */ = {isa = PBXFileReference; lastKnownFileType = sourcecode.swift; path = AirportUseCase.swift; sourceTree = "<group>"; };
		ABE7AB2C24058E92001BE78B /* Location.swift */ = {isa = PBXFileReference; lastKnownFileType = sourcecode.swift; path = Location.swift; sourceTree = "<group>"; };
		ABE7AB2E24058F03001BE78B /* Airport.swift */ = {isa = PBXFileReference; lastKnownFileType = sourcecode.swift; path = Airport.swift; sourceTree = "<group>"; };
		ABE7AB3324059057001BE78B /* AirportRepository.swift */ = {isa = PBXFileReference; lastKnownFileType = sourcecode.swift; path = AirportRepository.swift; sourceTree = "<group>"; };
		ABE7AB352405F5A3001BE78B /* LocationUseCase.swift */ = {isa = PBXFileReference; lastKnownFileType = sourcecode.swift; path = LocationUseCase.swift; sourceTree = "<group>"; };
		ABE7AB392405FF3C001BE78B /* LocationRepository.swift */ = {isa = PBXFileReference; fileEncoding = 4; lastKnownFileType = sourcecode.swift; path = LocationRepository.swift; sourceTree = "<group>"; };
		ABE7AB3C24060302001BE78B /* BaseNetworkService.swift */ = {isa = PBXFileReference; lastKnownFileType = sourcecode.swift; path = BaseNetworkService.swift; sourceTree = "<group>"; };
		ABE7AB3E240606A6001BE78B /* ParsingError.swift */ = {isa = PBXFileReference; lastKnownFileType = sourcecode.swift; path = ParsingError.swift; sourceTree = "<group>"; };
		ABE7AB402406928A001BE78B /* Endpoint.swift */ = {isa = PBXFileReference; lastKnownFileType = sourcecode.swift; path = Endpoint.swift; sourceTree = "<group>"; };
		ABE7AB42240692A2001BE78B /* HTTPMethod.swift */ = {isa = PBXFileReference; lastKnownFileType = sourcecode.swift; path = HTTPMethod.swift; sourceTree = "<group>"; };
		ABE7AB44240692BB001BE78B /* URLRequestConvertible.swift */ = {isa = PBXFileReference; lastKnownFileType = sourcecode.swift; path = URLRequestConvertible.swift; sourceTree = "<group>"; };
		ABE7AB47240692EF001BE78B /* Environment.swift */ = {isa = PBXFileReference; lastKnownFileType = sourcecode.swift; path = Environment.swift; sourceTree = "<group>"; };
		ABE7AB49240699CF001BE78B /* AirportAPI.swift */ = {isa = PBXFileReference; lastKnownFileType = sourcecode.swift; path = AirportAPI.swift; sourceTree = "<group>"; };
		ABE7AB4C2406A2D1001BE78B /* AirportCoordinator.swift */ = {isa = PBXFileReference; lastKnownFileType = sourcecode.swift; path = AirportCoordinator.swift; sourceTree = "<group>"; };
		ABE7AB4E2406A2F9001BE78B /* AirportMapViewController.swift */ = {isa = PBXFileReference; lastKnownFileType = sourcecode.swift; path = AirportMapViewController.swift; sourceTree = "<group>"; };
		ABE7AB512406A31B001BE78B /* AirportListViewController.swift */ = {isa = PBXFileReference; lastKnownFileType = sourcecode.swift; path = AirportListViewController.swift; sourceTree = "<group>"; };
		ABE7AB532406A336001BE78B /* AirportBaseViewContrroller.swift */ = {isa = PBXFileReference; lastKnownFileType = sourcecode.swift; path = AirportBaseViewContrroller.swift; sourceTree = "<group>"; };
		ABE7AB552406AD83001BE78B /* AirportView.swift */ = {isa = PBXFileReference; lastKnownFileType = sourcecode.swift; path = AirportView.swift; sourceTree = "<group>"; };
		ABE7AB582406B1B2001BE78B /* ContainerTableViewCell.swift */ = {isa = PBXFileReference; lastKnownFileType = sourcecode.swift; path = ContainerTableViewCell.swift; sourceTree = "<group>"; };
		ABE7AB5A2406C56A001BE78B /* Base */ = {isa = PBXFileReference; lastKnownFileType = text.plist.xml; name = Base; path = Base.lproj/Info.plist; sourceTree = "<group>"; };
		ABE7AB5C2406C570001BE78B /* en */ = {isa = PBXFileReference; lastKnownFileType = text.plist.xml; name = en; path = en.lproj/Info.plist; sourceTree = "<group>"; };
		ABE7AB5D2406C571001BE78B /* es */ = {isa = PBXFileReference; lastKnownFileType = text.plist.xml; name = es; path = es.lproj/Info.plist; sourceTree = "<group>"; };
		ABF1EA4C2406CCBD00C20102 /* Bindable.swift */ = {isa = PBXFileReference; lastKnownFileType = sourcecode.swift; path = Bindable.swift; sourceTree = "<group>"; };
		ABF1EA4E2406D3A300C20102 /* ViewState.swift */ = {isa = PBXFileReference; lastKnownFileType = sourcecode.swift; path = ViewState.swift; sourceTree = "<group>"; };
/* End PBXFileReference section */

/* Begin PBXFrameworksBuildPhase section */
		ABE7AACF24056FA4001BE78B /* Frameworks */ = {
			isa = PBXFrameworksBuildPhase;
			buildActionMask = 2147483647;
			files = (
			);
			runOnlyForDeploymentPostprocessing = 0;
		};
		ABE7AAE524056FA5001BE78B /* Frameworks */ = {
			isa = PBXFrameworksBuildPhase;
			buildActionMask = 2147483647;
			files = (
			);
			runOnlyForDeploymentPostprocessing = 0;
		};
		ABE7AAF024056FA5001BE78B /* Frameworks */ = {
			isa = PBXFrameworksBuildPhase;
			buildActionMask = 2147483647;
			files = (
			);
			runOnlyForDeploymentPostprocessing = 0;
		};
/* End PBXFrameworksBuildPhase section */

/* Begin PBXGroup section */
		ABE7AAC924056FA4001BE78B = {
			isa = PBXGroup;
			children = (
				ABE7AAD424056FA4001BE78B /* AirportFinder */,
				ABE7AAEB24056FA5001BE78B /* AirportFinderTests */,
				ABE7AAF624056FA5001BE78B /* AirportFinderUITests */,
				ABE7AAD324056FA4001BE78B /* Products */,
			);
			sourceTree = "<group>";
		};
		ABE7AAD324056FA4001BE78B /* Products */ = {
			isa = PBXGroup;
			children = (
				ABE7AAD224056FA4001BE78B /* AirportFinder.app */,
				ABE7AAE824056FA5001BE78B /* AirportFinderTests.xctest */,
				ABE7AAF324056FA5001BE78B /* AirportFinderUITests.xctest */,
			);
			name = Products;
			sourceTree = "<group>";
		};
		ABE7AAD424056FA4001BE78B /* AirportFinder */ = {
			isa = PBXGroup;
			children = (
				ABE7AB06240572C1001BE78B /* AppDelegates */,
				ABE7AB05240572BA001BE78B /* Core */,
				ABE7AB0724057346001BE78B /* Feature */,
				ABE7AADE24056FA5001BE78B /* Assets.xcassets */,
				ABE7AAE024056FA5001BE78B /* LaunchScreen.storyboard */,
				ABE7AB5B2406C56A001BE78B /* Info.plist */,
				ABE7AB1F24058936001BE78B /* Localizable.strings */,
			);
			path = AirportFinder;
			sourceTree = "<group>";
		};
		ABE7AAEB24056FA5001BE78B /* AirportFinderTests */ = {
			isa = PBXGroup;
			children = (
				ABE7AAEC24056FA5001BE78B /* AirportFinderTests.swift */,
				ABE7AAEE24056FA5001BE78B /* Info.plist */,
			);
			path = AirportFinderTests;
			sourceTree = "<group>";
		};
		ABE7AAF624056FA5001BE78B /* AirportFinderUITests */ = {
			isa = PBXGroup;
			children = (
				ABE7AAF724056FA5001BE78B /* AirportFinderUITests.swift */,
				ABE7AAF924056FA5001BE78B /* Info.plist */,
			);
			path = AirportFinderUITests;
			sourceTree = "<group>";
		};
		ABE7AB05240572BA001BE78B /* Core */ = {
			isa = PBXGroup;
			children = (
				ABE7AB572406B1A6001BE78B /* View */,
				ABE7AB46240692E3001BE78B /* Constants */,
				ABE7AB3B2406028F001BE78B /* Networking */,
				ABE7AB21240589B3001BE78B /* Strings */,
				ABE7AB1124057768001BE78B /* Theme */,
				ABE7AB0A24057502001BE78B /* Navigation */,
				ABF1EA4C2406CCBD00C20102 /* Bindable.swift */,
			);
			path = Core;
			sourceTree = "<group>";
		};
		ABE7AB06240572C1001BE78B /* AppDelegates */ = {
			isa = PBXGroup;
			children = (
				ABE7AAD524056FA4001BE78B /* AppDelegate.swift */,
				ABE7AAD724056FA4001BE78B /* SceneDelegate.swift */,
				ABE7AB0D24057548001BE78B /* AppCoordinator.swift */,
			);
			path = AppDelegates;
			sourceTree = "<group>";
		};
		ABE7AB0724057346001BE78B /* Feature */ = {
			isa = PBXGroup;
			children = (
				ABE7AB092405740E001BE78B /* NearAirports */,
				ABE7AB0824057407001BE78B /* Distance */,
			);
			path = Feature;
			sourceTree = "<group>";
		};
		ABE7AB0824057407001BE78B /* Distance */ = {
			isa = PBXGroup;
			children = (
				ABE7AB2524058ADD001BE78B /* Coordinator */,
				ABE7AB1924058734001BE78B /* View */,
				ABE7AB2424058A9F001BE78B /* Presenter */,
			);
			path = Distance;
			sourceTree = "<group>";
		};
		ABE7AB092405740E001BE78B /* NearAirports */ = {
			isa = PBXGroup;
			children = (
				ABE7AB3124058FEE001BE78B /* UseCases */,
				ABE7AB3224059005001BE78B /* Repository */,
				ABE7AB3024058F0C001BE78B /* Models */,
				ABE7AB4B24069D4D001BE78B /* Presenter */,
				ABE7AB502406A306001BE78B /* Views */,
				ABE7AB49240699CF001BE78B /* AirportAPI.swift */,
				ABE7AB4C2406A2D1001BE78B /* AirportCoordinator.swift */,
			);
			path = NearAirports;
			sourceTree = "<group>";
		};
		ABE7AB0A24057502001BE78B /* Navigation */ = {
			isa = PBXGroup;
			children = (
				ABE7AB0B24057519001BE78B /* Coordinator.swift */,
			);
			path = Navigation;
			sourceTree = "<group>";
		};
		ABE7AB1124057768001BE78B /* Theme */ = {
			isa = PBXGroup;
			children = (
				ABE7AB1224057781001BE78B /* Theme.swift */,
			);
			path = Theme;
			sourceTree = "<group>";
		};
		ABE7AB1924058734001BE78B /* View */ = {
			isa = PBXGroup;
			children = (
				ABE7AB0F24057667001BE78B /* DistanceViewController.swift */,
				ABE7AB152405820A001BE78B /* DistanceViewController+ViewModel.swift */,
			);
			path = View;
			sourceTree = "<group>";
		};
		ABE7AB21240589B3001BE78B /* Strings */ = {
			isa = PBXGroup;
			children = (
				ABE7AB22240589D9001BE78B /* String+localized.swift */,
			);
			path = Strings;
			sourceTree = "<group>";
		};
		ABE7AB2424058A9F001BE78B /* Presenter */ = {
			isa = PBXGroup;
			children = (
				ABE7AB1724058655001BE78B /* DistancePresenter.swift */,
			);
			path = Presenter;
			sourceTree = "<group>";
		};
		ABE7AB2524058ADD001BE78B /* Coordinator */ = {
			isa = PBXGroup;
			children = (
				ABE7AB2624058AE9001BE78B /* DistanceCoordinator.swift */,
			);
			path = Coordinator;
			sourceTree = "<group>";
		};
		ABE7AB3024058F0C001BE78B /* Models */ = {
			isa = PBXGroup;
			children = (
				ABE7AB2C24058E92001BE78B /* Location.swift */,
				ABE7AB2E24058F03001BE78B /* Airport.swift */,
			);
			path = Models;
			sourceTree = "<group>";
		};
		ABE7AB3124058FEE001BE78B /* UseCases */ = {
			isa = PBXGroup;
			children = (
				ABE7AB352405F5A3001BE78B /* LocationUseCase.swift */,
				ABE7AB2A24058DE9001BE78B /* AirportUseCase.swift */,
			);
			path = UseCases;
			sourceTree = "<group>";
		};
		ABE7AB3224059005001BE78B /* Repository */ = {
			isa = PBXGroup;
			children = (
				ABE7AB392405FF3C001BE78B /* LocationRepository.swift */,
				ABE7AB3324059057001BE78B /* AirportRepository.swift */,
			);
			path = Repository;
			sourceTree = "<group>";
		};
		ABE7AB3B2406028F001BE78B /* Networking */ = {
			isa = PBXGroup;
			children = (
				ABE7AB3C24060302001BE78B /* BaseNetworkService.swift */,
				ABE7AB3E240606A6001BE78B /* ParsingError.swift */,
				ABE7AB402406928A001BE78B /* Endpoint.swift */,
				ABE7AB42240692A2001BE78B /* HTTPMethod.swift */,
				ABE7AB44240692BB001BE78B /* URLRequestConvertible.swift */,
			);
			path = Networking;
			sourceTree = "<group>";
		};
		ABE7AB46240692E3001BE78B /* Constants */ = {
			isa = PBXGroup;
			children = (
				ABE7AB47240692EF001BE78B /* Environment.swift */,
			);
			path = Constants;
			sourceTree = "<group>";
		};
		ABE7AB4B24069D4D001BE78B /* Presenter */ = {
			isa = PBXGroup;
			children = (
				ABE7AB2824058D86001BE78B /* AirportPresenter.swift */,
			);
			path = Presenter;
			sourceTree = "<group>";
		};
		ABE7AB502406A306001BE78B /* Views */ = {
			isa = PBXGroup;
			children = (
				ABE7AB532406A336001BE78B /* AirportBaseViewContrroller.swift */,
				ABE7AB512406A31B001BE78B /* AirportListViewController.swift */,
				ABE7AB4E2406A2F9001BE78B /* AirportMapViewController.swift */,
				ABE7AB552406AD83001BE78B /* AirportView.swift */,
			);
			path = Views;
			sourceTree = "<group>";
		};
		ABE7AB572406B1A6001BE78B /* View */ = {
			isa = PBXGroup;
			children = (
				ABE7AB582406B1B2001BE78B /* ContainerTableViewCell.swift */,
				ABF1EA4E2406D3A300C20102 /* ViewState.swift */,
			);
			path = View;
			sourceTree = "<group>";
		};
/* End PBXGroup section */

/* Begin PBXNativeTarget section */
		ABE7AAD124056FA4001BE78B /* AirportFinder */ = {
			isa = PBXNativeTarget;
			buildConfigurationList = ABE7AAFC24056FA5001BE78B /* Build configuration list for PBXNativeTarget "AirportFinder" */;
			buildPhases = (
				ABE7AACE24056FA4001BE78B /* Sources */,
				ABE7AACF24056FA4001BE78B /* Frameworks */,
				ABE7AAD024056FA4001BE78B /* Resources */,
				ABE7AB1424057BA6001BE78B /* Swiftlint script */,
			);
			buildRules = (
			);
			dependencies = (
			);
			name = AirportFinder;
			productName = AirportFinder;
			productReference = ABE7AAD224056FA4001BE78B /* AirportFinder.app */;
			productType = "com.apple.product-type.application";
		};
		ABE7AAE724056FA5001BE78B /* AirportFinderTests */ = {
			isa = PBXNativeTarget;
			buildConfigurationList = ABE7AAFF24056FA5001BE78B /* Build configuration list for PBXNativeTarget "AirportFinderTests" */;
			buildPhases = (
				ABE7AAE424056FA5001BE78B /* Sources */,
				ABE7AAE524056FA5001BE78B /* Frameworks */,
				ABE7AAE624056FA5001BE78B /* Resources */,
			);
			buildRules = (
			);
			dependencies = (
				ABE7AAEA24056FA5001BE78B /* PBXTargetDependency */,
			);
			name = AirportFinderTests;
			productName = AirportFinderTests;
			productReference = ABE7AAE824056FA5001BE78B /* AirportFinderTests.xctest */;
			productType = "com.apple.product-type.bundle.unit-test";
		};
		ABE7AAF224056FA5001BE78B /* AirportFinderUITests */ = {
			isa = PBXNativeTarget;
			buildConfigurationList = ABE7AB0224056FA5001BE78B /* Build configuration list for PBXNativeTarget "AirportFinderUITests" */;
			buildPhases = (
				ABE7AAEF24056FA5001BE78B /* Sources */,
				ABE7AAF024056FA5001BE78B /* Frameworks */,
				ABE7AAF124056FA5001BE78B /* Resources */,
			);
			buildRules = (
			);
			dependencies = (
				ABE7AAF524056FA5001BE78B /* PBXTargetDependency */,
			);
			name = AirportFinderUITests;
			productName = AirportFinderUITests;
			productReference = ABE7AAF324056FA5001BE78B /* AirportFinderUITests.xctest */;
			productType = "com.apple.product-type.bundle.ui-testing";
		};
/* End PBXNativeTarget section */

/* Begin PBXProject section */
		ABE7AACA24056FA4001BE78B /* Project object */ = {
			isa = PBXProject;
			attributes = {
				LastSwiftUpdateCheck = 1130;
				LastUpgradeCheck = 1130;
				ORGANIZATIONNAME = Siker;
				TargetAttributes = {
					ABE7AAD124056FA4001BE78B = {
						CreatedOnToolsVersion = 11.3;
					};
					ABE7AAE724056FA5001BE78B = {
						CreatedOnToolsVersion = 11.3;
						TestTargetID = ABE7AAD124056FA4001BE78B;
					};
					ABE7AAF224056FA5001BE78B = {
						CreatedOnToolsVersion = 11.3;
						TestTargetID = ABE7AAD124056FA4001BE78B;
					};
				};
			};
			buildConfigurationList = ABE7AACD24056FA4001BE78B /* Build configuration list for PBXProject "AirportFinder" */;
			compatibilityVersion = "Xcode 9.3";
			developmentRegion = en;
			hasScannedForEncodings = 0;
			knownRegions = (
				en,
				Base,
				es,
			);
			mainGroup = ABE7AAC924056FA4001BE78B;
			productRefGroup = ABE7AAD324056FA4001BE78B /* Products */;
			projectDirPath = "";
			projectRoot = "";
			targets = (
				ABE7AAD124056FA4001BE78B /* AirportFinder */,
				ABE7AAE724056FA5001BE78B /* AirportFinderTests */,
				ABE7AAF224056FA5001BE78B /* AirportFinderUITests */,
			);
		};
/* End PBXProject section */

/* Begin PBXResourcesBuildPhase section */
		ABE7AAD024056FA4001BE78B /* Resources */ = {
			isa = PBXResourcesBuildPhase;
			buildActionMask = 2147483647;
			files = (
				ABE7AAE224056FA5001BE78B /* LaunchScreen.storyboard in Resources */,
				ABE7AB1D24058936001BE78B /* Localizable.strings in Resources */,
				ABE7AADF24056FA5001BE78B /* Assets.xcassets in Resources */,
			);
			runOnlyForDeploymentPostprocessing = 0;
		};
		ABE7AAE624056FA5001BE78B /* Resources */ = {
			isa = PBXResourcesBuildPhase;
			buildActionMask = 2147483647;
			files = (
			);
			runOnlyForDeploymentPostprocessing = 0;
		};
		ABE7AAF124056FA5001BE78B /* Resources */ = {
			isa = PBXResourcesBuildPhase;
			buildActionMask = 2147483647;
			files = (
			);
			runOnlyForDeploymentPostprocessing = 0;
		};
/* End PBXResourcesBuildPhase section */

/* Begin PBXShellScriptBuildPhase section */
		ABE7AB1424057BA6001BE78B /* Swiftlint script */ = {
			isa = PBXShellScriptBuildPhase;
			buildActionMask = 2147483647;
			files = (
			);
			inputFileListPaths = (
			);
			inputPaths = (
			);
			name = "Swiftlint script";
			outputFileListPaths = (
			);
			outputPaths = (
			);
			runOnlyForDeploymentPostprocessing = 0;
			shellPath = /bin/sh;
			shellScript = "if which swiftlint >/dev/null; then\n  swiftlint\nelse\n  echo \"warning: SwiftLint not installed, download from https://github.com/realm/SwiftLint\"\nfi\n";
		};
/* End PBXShellScriptBuildPhase section */

/* Begin PBXSourcesBuildPhase section */
		ABE7AACE24056FA4001BE78B /* Sources */ = {
			isa = PBXSourcesBuildPhase;
			buildActionMask = 2147483647;
			files = (
				ABE7AB0C24057519001BE78B /* Coordinator.swift in Sources */,
				ABE7AB3A2405FF3C001BE78B /* LocationRepository.swift in Sources */,
				ABE7AB43240692A2001BE78B /* HTTPMethod.swift in Sources */,
				ABE7AB2B24058DE9001BE78B /* AirportUseCase.swift in Sources */,
				ABE7AB362405F5A3001BE78B /* LocationUseCase.swift in Sources */,
				ABE7AB162405820A001BE78B /* DistanceViewController+ViewModel.swift in Sources */,
				ABF1EA4F2406D3A300C20102 /* ViewState.swift in Sources */,
				ABE7AB2F24058F03001BE78B /* Airport.swift in Sources */,
				ABE7AB45240692BB001BE78B /* URLRequestConvertible.swift in Sources */,
				ABE7AB542406A336001BE78B /* AirportBaseViewContrroller.swift in Sources */,
				ABE7AB2924058D86001BE78B /* AirportPresenter.swift in Sources */,
				ABE7AB4D2406A2D2001BE78B /* AirportCoordinator.swift in Sources */,
				ABE7AB522406A31B001BE78B /* AirportListViewController.swift in Sources */,
				ABF1EA4D2406CCBD00C20102 /* Bindable.swift in Sources */,
				ABE7AB562406AD83001BE78B /* AirportView.swift in Sources */,
				ABE7AB0E24057548001BE78B /* AppCoordinator.swift in Sources */,
				ABE7AB3424059057001BE78B /* AirportRepository.swift in Sources */,
				ABE7AAD624056FA4001BE78B /* AppDelegate.swift in Sources */,
				ABE7AB2D24058E92001BE78B /* Location.swift in Sources */,
				ABE7AB48240692EF001BE78B /* Environment.swift in Sources */,
				ABE7AB3D24060302001BE78B /* BaseNetworkService.swift in Sources */,
				ABE7AB1324057781001BE78B /* Theme.swift in Sources */,
				ABE7AB4F2406A2F9001BE78B /* AirportMapViewController.swift in Sources */,
				ABE7AB2724058AE9001BE78B /* DistanceCoordinator.swift in Sources */,
				ABE7AB412406928A001BE78B /* Endpoint.swift in Sources */,
				ABE7AB1824058655001BE78B /* DistancePresenter.swift in Sources */,
				ABE7AB1024057667001BE78B /* DistanceViewController.swift in Sources */,
				ABE7AB592406B1B2001BE78B /* ContainerTableViewCell.swift in Sources */,
				ABE7AB3F240606A6001BE78B /* ParsingError.swift in Sources */,
				ABE7AB23240589D9001BE78B /* String+localized.swift in Sources */,
				ABE7AB4A240699CF001BE78B /* AirportAPI.swift in Sources */,
				ABE7AAD824056FA4001BE78B /* SceneDelegate.swift in Sources */,
			);
			runOnlyForDeploymentPostprocessing = 0;
		};
		ABE7AAE424056FA5001BE78B /* Sources */ = {
			isa = PBXSourcesBuildPhase;
			buildActionMask = 2147483647;
			files = (
				ABE7AAED24056FA5001BE78B /* AirportFinderTests.swift in Sources */,
			);
			runOnlyForDeploymentPostprocessing = 0;
		};
		ABE7AAEF24056FA5001BE78B /* Sources */ = {
			isa = PBXSourcesBuildPhase;
			buildActionMask = 2147483647;
			files = (
				ABE7AAF824056FA5001BE78B /* AirportFinderUITests.swift in Sources */,
			);
			runOnlyForDeploymentPostprocessing = 0;
		};
/* End PBXSourcesBuildPhase section */

/* Begin PBXTargetDependency section */
		ABE7AAEA24056FA5001BE78B /* PBXTargetDependency */ = {
			isa = PBXTargetDependency;
			target = ABE7AAD124056FA4001BE78B /* AirportFinder */;
			targetProxy = ABE7AAE924056FA5001BE78B /* PBXContainerItemProxy */;
		};
		ABE7AAF524056FA5001BE78B /* PBXTargetDependency */ = {
			isa = PBXTargetDependency;
			target = ABE7AAD124056FA4001BE78B /* AirportFinder */;
			targetProxy = ABE7AAF424056FA5001BE78B /* PBXContainerItemProxy */;
		};
/* End PBXTargetDependency section */

/* Begin PBXVariantGroup section */
		ABE7AAE024056FA5001BE78B /* LaunchScreen.storyboard */ = {
			isa = PBXVariantGroup;
			children = (
				ABE7AAE124056FA5001BE78B /* Base */,
				ABE7AB1C24058930001BE78B /* es */,
			);
			name = LaunchScreen.storyboard;
			sourceTree = "<group>";
		};
		ABE7AB1F24058936001BE78B /* Localizable.strings */ = {
			isa = PBXVariantGroup;
			children = (
				ABE7AB1E24058936001BE78B /* en */,
				ABE7AB202405893A001BE78B /* es */,
			);
			name = Localizable.strings;
			sourceTree = "<group>";
		};
		ABE7AB5B2406C56A001BE78B /* Info.plist */ = {
			isa = PBXVariantGroup;
			children = (
				ABE7AB5A2406C56A001BE78B /* Base */,
				ABE7AB5C2406C570001BE78B /* en */,
				ABE7AB5D2406C571001BE78B /* es */,
			);
			name = Info.plist;
			sourceTree = "<group>";
		};
/* End PBXVariantGroup section */

/* Begin XCBuildConfiguration section */
		ABE7AAFA24056FA5001BE78B /* Debug */ = {
			isa = XCBuildConfiguration;
			buildSettings = {
				ALWAYS_SEARCH_USER_PATHS = NO;
				CLANG_ANALYZER_LOCALIZABILITY_NONLOCALIZED = YES;
				CLANG_ANALYZER_NONNULL = YES;
				CLANG_ANALYZER_NUMBER_OBJECT_CONVERSION = YES_AGGRESSIVE;
				CLANG_CXX_LANGUAGE_STANDARD = "gnu++14";
				CLANG_CXX_LIBRARY = "libc++";
				CLANG_ENABLE_MODULES = YES;
				CLANG_ENABLE_OBJC_ARC = YES;
				CLANG_ENABLE_OBJC_WEAK = YES;
				CLANG_WARN_BLOCK_CAPTURE_AUTORELEASING = YES;
				CLANG_WARN_BOOL_CONVERSION = YES;
				CLANG_WARN_COMMA = YES;
				CLANG_WARN_CONSTANT_CONVERSION = YES;
				CLANG_WARN_DEPRECATED_OBJC_IMPLEMENTATIONS = YES;
				CLANG_WARN_DIRECT_OBJC_ISA_USAGE = YES_ERROR;
				CLANG_WARN_DOCUMENTATION_COMMENTS = YES;
				CLANG_WARN_EMPTY_BODY = YES;
				CLANG_WARN_ENUM_CONVERSION = YES;
				CLANG_WARN_INFINITE_RECURSION = YES;
				CLANG_WARN_INT_CONVERSION = YES;
				CLANG_WARN_NON_LITERAL_NULL_CONVERSION = YES;
				CLANG_WARN_OBJC_IMPLICIT_RETAIN_SELF = YES;
				CLANG_WARN_OBJC_LITERAL_CONVERSION = YES;
				CLANG_WARN_OBJC_ROOT_CLASS = YES_ERROR;
				CLANG_WARN_RANGE_LOOP_ANALYSIS = YES;
				CLANG_WARN_STRICT_PROTOTYPES = YES;
				CLANG_WARN_SUSPICIOUS_MOVE = YES;
				CLANG_WARN_UNGUARDED_AVAILABILITY = YES_AGGRESSIVE;
				CLANG_WARN_UNREACHABLE_CODE = YES;
				CLANG_WARN__DUPLICATE_METHOD_MATCH = YES;
				COPY_PHASE_STRIP = NO;
				DEBUG_INFORMATION_FORMAT = dwarf;
				ENABLE_STRICT_OBJC_MSGSEND = YES;
				ENABLE_TESTABILITY = YES;
				GCC_C_LANGUAGE_STANDARD = gnu11;
				GCC_DYNAMIC_NO_PIC = NO;
				GCC_NO_COMMON_BLOCKS = YES;
				GCC_OPTIMIZATION_LEVEL = 0;
				GCC_PREPROCESSOR_DEFINITIONS = (
					"DEBUG=1",
					"$(inherited)",
				);
				GCC_WARN_64_TO_32_BIT_CONVERSION = YES;
				GCC_WARN_ABOUT_RETURN_TYPE = YES_ERROR;
				GCC_WARN_UNDECLARED_SELECTOR = YES;
				GCC_WARN_UNINITIALIZED_AUTOS = YES_AGGRESSIVE;
				GCC_WARN_UNUSED_FUNCTION = YES;
				GCC_WARN_UNUSED_VARIABLE = YES;
				IPHONEOS_DEPLOYMENT_TARGET = 13.2;
				MTL_ENABLE_DEBUG_INFO = INCLUDE_SOURCE;
				MTL_FAST_MATH = YES;
				ONLY_ACTIVE_ARCH = YES;
				SDKROOT = iphoneos;
				SWIFT_ACTIVE_COMPILATION_CONDITIONS = DEBUG;
				SWIFT_OPTIMIZATION_LEVEL = "-Onone";
			};
			name = Debug;
		};
		ABE7AAFB24056FA5001BE78B /* Release */ = {
			isa = XCBuildConfiguration;
			buildSettings = {
				ALWAYS_SEARCH_USER_PATHS = NO;
				CLANG_ANALYZER_LOCALIZABILITY_NONLOCALIZED = YES;
				CLANG_ANALYZER_NONNULL = YES;
				CLANG_ANALYZER_NUMBER_OBJECT_CONVERSION = YES_AGGRESSIVE;
				CLANG_CXX_LANGUAGE_STANDARD = "gnu++14";
				CLANG_CXX_LIBRARY = "libc++";
				CLANG_ENABLE_MODULES = YES;
				CLANG_ENABLE_OBJC_ARC = YES;
				CLANG_ENABLE_OBJC_WEAK = YES;
				CLANG_WARN_BLOCK_CAPTURE_AUTORELEASING = YES;
				CLANG_WARN_BOOL_CONVERSION = YES;
				CLANG_WARN_COMMA = YES;
				CLANG_WARN_CONSTANT_CONVERSION = YES;
				CLANG_WARN_DEPRECATED_OBJC_IMPLEMENTATIONS = YES;
				CLANG_WARN_DIRECT_OBJC_ISA_USAGE = YES_ERROR;
				CLANG_WARN_DOCUMENTATION_COMMENTS = YES;
				CLANG_WARN_EMPTY_BODY = YES;
				CLANG_WARN_ENUM_CONVERSION = YES;
				CLANG_WARN_INFINITE_RECURSION = YES;
				CLANG_WARN_INT_CONVERSION = YES;
				CLANG_WARN_NON_LITERAL_NULL_CONVERSION = YES;
				CLANG_WARN_OBJC_IMPLICIT_RETAIN_SELF = YES;
				CLANG_WARN_OBJC_LITERAL_CONVERSION = YES;
				CLANG_WARN_OBJC_ROOT_CLASS = YES_ERROR;
				CLANG_WARN_RANGE_LOOP_ANALYSIS = YES;
				CLANG_WARN_STRICT_PROTOTYPES = YES;
				CLANG_WARN_SUSPICIOUS_MOVE = YES;
				CLANG_WARN_UNGUARDED_AVAILABILITY = YES_AGGRESSIVE;
				CLANG_WARN_UNREACHABLE_CODE = YES;
				CLANG_WARN__DUPLICATE_METHOD_MATCH = YES;
				COPY_PHASE_STRIP = NO;
				DEBUG_INFORMATION_FORMAT = "dwarf-with-dsym";
				ENABLE_NS_ASSERTIONS = NO;
				ENABLE_STRICT_OBJC_MSGSEND = YES;
				GCC_C_LANGUAGE_STANDARD = gnu11;
				GCC_NO_COMMON_BLOCKS = YES;
				GCC_WARN_64_TO_32_BIT_CONVERSION = YES;
				GCC_WARN_ABOUT_RETURN_TYPE = YES_ERROR;
				GCC_WARN_UNDECLARED_SELECTOR = YES;
				GCC_WARN_UNINITIALIZED_AUTOS = YES_AGGRESSIVE;
				GCC_WARN_UNUSED_FUNCTION = YES;
				GCC_WARN_UNUSED_VARIABLE = YES;
				IPHONEOS_DEPLOYMENT_TARGET = 13.2;
				MTL_ENABLE_DEBUG_INFO = NO;
				MTL_FAST_MATH = YES;
				SDKROOT = iphoneos;
				SWIFT_COMPILATION_MODE = wholemodule;
				SWIFT_OPTIMIZATION_LEVEL = "-O";
				VALIDATE_PRODUCT = YES;
			};
			name = Release;
		};
		ABE7AAFD24056FA5001BE78B /* Debug */ = {
			isa = XCBuildConfiguration;
			buildSettings = {
				ASSETCATALOG_COMPILER_APPICON_NAME = AppIcon;
				CODE_SIGN_STYLE = Automatic;
				DEVELOPMENT_TEAM = F3VV4SD4LV;
				INFOPLIST_FILE = AirportFinder/Base.lproj/Info.plist;
				LD_RUNPATH_SEARCH_PATHS = (
					"$(inherited)",
					"@executable_path/Frameworks",
				);
				PRODUCT_BUNDLE_IDENTIFIER = space.siker.AirportFinder;
				PRODUCT_NAME = "$(TARGET_NAME)";
				SWIFT_VERSION = 5.0;
				TARGETED_DEVICE_FAMILY = "1,2";
			};
			name = Debug;
		};
		ABE7AAFE24056FA5001BE78B /* Release */ = {
			isa = XCBuildConfiguration;
			buildSettings = {
				ASSETCATALOG_COMPILER_APPICON_NAME = AppIcon;
				CODE_SIGN_STYLE = Automatic;
				DEVELOPMENT_TEAM = F3VV4SD4LV;
				INFOPLIST_FILE = AirportFinder/Base.lproj/Info.plist;
				LD_RUNPATH_SEARCH_PATHS = (
					"$(inherited)",
					"@executable_path/Frameworks",
				);
				PRODUCT_BUNDLE_IDENTIFIER = space.siker.AirportFinder;
				PRODUCT_NAME = "$(TARGET_NAME)";
				SWIFT_VERSION = 5.0;
				TARGETED_DEVICE_FAMILY = "1,2";
			};
			name = Release;
		};
		ABE7AB0024056FA5001BE78B /* Debug */ = {
			isa = XCBuildConfiguration;
			buildSettings = {
				ALWAYS_EMBED_SWIFT_STANDARD_LIBRARIES = YES;
				BUNDLE_LOADER = "$(TEST_HOST)";
				CODE_SIGN_STYLE = Automatic;
				DEVELOPMENT_TEAM = F3VV4SD4LV;
				INFOPLIST_FILE = AirportFinderTests/Info.plist;
				IPHONEOS_DEPLOYMENT_TARGET = 13.2;
				LD_RUNPATH_SEARCH_PATHS = (
					"$(inherited)",
					"@executable_path/Frameworks",
					"@loader_path/Frameworks",
				);
				PRODUCT_BUNDLE_IDENTIFIER = space.siker.AirportFinderTests;
				PRODUCT_NAME = "$(TARGET_NAME)";
				SWIFT_VERSION = 5.0;
				TARGETED_DEVICE_FAMILY = "1,2";
				TEST_HOST = "$(BUILT_PRODUCTS_DIR)/AirportFinder.app/AirportFinder";
			};
			name = Debug;
		};
		ABE7AB0124056FA5001BE78B /* Release */ = {
			isa = XCBuildConfiguration;
			buildSettings = {
				ALWAYS_EMBED_SWIFT_STANDARD_LIBRARIES = YES;
				BUNDLE_LOADER = "$(TEST_HOST)";
				CODE_SIGN_STYLE = Automatic;
				DEVELOPMENT_TEAM = F3VV4SD4LV;
				INFOPLIST_FILE = AirportFinderTests/Info.plist;
				IPHONEOS_DEPLOYMENT_TARGET = 13.2;
				LD_RUNPATH_SEARCH_PATHS = (
					"$(inherited)",
					"@executable_path/Frameworks",
					"@loader_path/Frameworks",
				);
				PRODUCT_BUNDLE_IDENTIFIER = space.siker.AirportFinderTests;
				PRODUCT_NAME = "$(TARGET_NAME)";
				SWIFT_VERSION = 5.0;
				TARGETED_DEVICE_FAMILY = "1,2";
				TEST_HOST = "$(BUILT_PRODUCTS_DIR)/AirportFinder.app/AirportFinder";
			};
			name = Release;
		};
		ABE7AB0324056FA5001BE78B /* Debug */ = {
			isa = XCBuildConfiguration;
			buildSettings = {
				ALWAYS_EMBED_SWIFT_STANDARD_LIBRARIES = YES;
				CODE_SIGN_STYLE = Automatic;
				DEVELOPMENT_TEAM = F3VV4SD4LV;
				INFOPLIST_FILE = AirportFinderUITests/Info.plist;
				LD_RUNPATH_SEARCH_PATHS = (
					"$(inherited)",
					"@executable_path/Frameworks",
					"@loader_path/Frameworks",
				);
				PRODUCT_BUNDLE_IDENTIFIER = space.siker.AirportFinderUITests;
				PRODUCT_NAME = "$(TARGET_NAME)";
				SWIFT_VERSION = 5.0;
				TARGETED_DEVICE_FAMILY = "1,2";
				TEST_TARGET_NAME = AirportFinder;
			};
			name = Debug;
		};
		ABE7AB0424056FA5001BE78B /* Release */ = {
			isa = XCBuildConfiguration;
			buildSettings = {
				ALWAYS_EMBED_SWIFT_STANDARD_LIBRARIES = YES;
				CODE_SIGN_STYLE = Automatic;
				DEVELOPMENT_TEAM = F3VV4SD4LV;
				INFOPLIST_FILE = AirportFinderUITests/Info.plist;
				LD_RUNPATH_SEARCH_PATHS = (
					"$(inherited)",
					"@executable_path/Frameworks",
					"@loader_path/Frameworks",
				);
				PRODUCT_BUNDLE_IDENTIFIER = space.siker.AirportFinderUITests;
				PRODUCT_NAME = "$(TARGET_NAME)";
				SWIFT_VERSION = 5.0;
				TARGETED_DEVICE_FAMILY = "1,2";
				TEST_TARGET_NAME = AirportFinder;
			};
			name = Release;
		};
/* End XCBuildConfiguration section */

/* Begin XCConfigurationList section */
		ABE7AACD24056FA4001BE78B /* Build configuration list for PBXProject "AirportFinder" */ = {
			isa = XCConfigurationList;
			buildConfigurations = (
				ABE7AAFA24056FA5001BE78B /* Debug */,
				ABE7AAFB24056FA5001BE78B /* Release */,
			);
			defaultConfigurationIsVisible = 0;
			defaultConfigurationName = Release;
		};
		ABE7AAFC24056FA5001BE78B /* Build configuration list for PBXNativeTarget "AirportFinder" */ = {
			isa = XCConfigurationList;
			buildConfigurations = (
				ABE7AAFD24056FA5001BE78B /* Debug */,
				ABE7AAFE24056FA5001BE78B /* Release */,
			);
			defaultConfigurationIsVisible = 0;
			defaultConfigurationName = Release;
		};
		ABE7AAFF24056FA5001BE78B /* Build configuration list for PBXNativeTarget "AirportFinderTests" */ = {
			isa = XCConfigurationList;
			buildConfigurations = (
				ABE7AB0024056FA5001BE78B /* Debug */,
				ABE7AB0124056FA5001BE78B /* Release */,
			);
			defaultConfigurationIsVisible = 0;
			defaultConfigurationName = Release;
		};
		ABE7AB0224056FA5001BE78B /* Build configuration list for PBXNativeTarget "AirportFinderUITests" */ = {
			isa = XCConfigurationList;
			buildConfigurations = (
				ABE7AB0324056FA5001BE78B /* Debug */,
				ABE7AB0424056FA5001BE78B /* Release */,
			);
			defaultConfigurationIsVisible = 0;
			defaultConfigurationName = Release;
		};
/* End XCConfigurationList section */
	};
	rootObject = ABE7AACA24056FA4001BE78B /* Project object */;
}
